
Microsoft Visual Studio Solution File, Format Version 12.00
# Visual Studio Version 17
VisualStudioVersion = 17.14.35906.104 d17.14
MinimumVisualStudioVersion = 10.0.40219.1
Project("{FAE04EC0-301F-11D3-BF4B-00C04F79EFBC}") = "VibeNET", "VibeNET\VibeNET.csproj", "{788E9A78-A445-4CF1-AF14-24D7D62D2325}"
EndProject
Global
	GlobalSection(SolutionConfigurationPlatforms) = preSolution
		Debug|Any CPU = Debug|Any CPU
		Release|Any CPU = Release|Any CPU
	EndGlobalSection
	GlobalSection(ProjectConfigurationPlatforms) = postSolution
		{788E9A78-A445-4CF1-AF14-24D7D62D2325}.Debug|Any CPU.ActiveCfg = Debug|Any CPU
		{788E9A78-A445-4CF1-AF14-24D7D62D2325}.Debug|Any CPU.Build.0 = Debug|Any CPU
		{788E9A78-A445-4CF1-AF14-24D7D62D2325}.Release|Any CPU.ActiveCfg = Release|Any CPU
		{788E9A78-A445-4CF1-AF14-24D7D62D2325}.Release|Any CPU.Build.0 = Release|Any CPU
	EndGlobalSection
	GlobalSection(SolutionProperties) = preSolution
		HideSolutionNode = FALSE
	EndGlobalSection
	GlobalSection(ExtensibilityGlobals) = postSolution
		SolutionGuid = {2A5A7B13-8608-492D-8048-D8B4BD923FF8}
	EndGlobalSection
EndGlobal
